
Microsoft Visual Studio Solution File, Format Version 12.00
# Visual Studio 15
VisualStudioVersion = 15.0.28307.489
MinimumVisualStudioVersion = 10.0.40219.1
Project("{FAE04EC0-301F-11D3-BF4B-00C04F79EFBC}") = "Sales.Android", "Sales\Sales.Android\Sales.Android.csproj", "{A42125BB-9603-4FED-BA01-E447A941B19F}"
EndProject
Project("{FAE04EC0-301F-11D3-BF4B-00C04F79EFBC}") = "Sales.iOS", "Sales\Sales.iOS\Sales.iOS.csproj", "{4F4AF2F1-9B7C-4D7A-BCB8-1C813C36A088}"
EndProject
Project("{FAE04EC0-301F-11D3-BF4B-00C04F79EFBC}") = "Sales.UWP", "Sales\Sales.UWP\Sales.UWP.csproj", "{379D660F-3F1E-41AA-B7FA-DC76069D48D6}"
EndProject
Project("{9A19103F-16F7-4668-BE54-9A1E7A4F7556}") = "Sales", "Sales\Sales\Sales.csproj", "{C5D32CEB-B427-41E0-AC93-FA7030E21E9C}"
EndProject
Project("{FAE04EC0-301F-11D3-BF4B-00C04F79EFBC}") = "Sales.API", "Sales.API\Sales.API.csproj", "{631BBD78-2328-4543-899C-A30A23296A96}"
EndProject
Project("{FAE04EC0-301F-11D3-BF4B-00C04F79EFBC}") = "Sales.Domain", "Sales.Domain\Sales.Domain.csproj", "{2D08ADE8-F0DA-4787-B246-745BA64849FB}"
EndProject
Project("{FAE04EC0-301F-11D3-BF4B-00C04F79EFBC}") = "Sales.Common", "Sales.Common\Sales.Common.csproj", "{607EFF7B-0413-4824-9876-F0162C32FECB}"
EndProject
Project("{FAE04EC0-301F-11D3-BF4B-00C04F79EFBC}") = "Sales.Backend", "Sales.Backend\Sales.Backend.csproj", "{96AC9424-8EC1-4A46-A602-E2737246E297}"
EndProject
Global
	GlobalSection(SolutionConfigurationPlatforms) = preSolution
		Ad-Hoc|Any CPU = Ad-Hoc|Any CPU
		Ad-Hoc|ARM = Ad-Hoc|ARM
		Ad-Hoc|iPhone = Ad-Hoc|iPhone
		Ad-Hoc|iPhoneSimulator = Ad-Hoc|iPhoneSimulator
		Ad-Hoc|x64 = Ad-Hoc|x64
		Ad-Hoc|x86 = Ad-Hoc|x86
		AppStore|Any CPU = AppStore|Any CPU
		AppStore|ARM = AppStore|ARM
		AppStore|iPhone = AppStore|iPhone
		AppStore|iPhoneSimulator = AppStore|iPhoneSimulator
		AppStore|x64 = AppStore|x64
		AppStore|x86 = AppStore|x86
		Debug|Any CPU = Debug|Any CPU
		Debug|ARM = Debug|ARM
		Debug|iPhone = Debug|iPhone
		Debug|iPhoneSimulator = Debug|iPhoneSimulator
		Debug|x64 = Debug|x64
		Debug|x86 = Debug|x86
		Release|Any CPU = Release|Any CPU
		Release|ARM = Release|ARM
		Release|iPhone = Release|iPhone
		Release|iPhoneSimulator = Release|iPhoneSimulator
		Release|x64 = Release|x64
		Release|x86 = Release|x86
	EndGlobalSection
	GlobalSection(ProjectConfigurationPlatforms) = postSolution
		{A42125BB-9603-4FED-BA01-E447A941B19F}.Ad-Hoc|Any CPU.ActiveCfg = Release|Any CPU
		{A42125BB-9603-4FED-BA01-E447A941B19F}.Ad-Hoc|Any CPU.Build.0 = Release|Any CPU
		{A42125BB-9603-4FED-BA01-E447A941B19F}.Ad-Hoc|Any CPU.Deploy.0 = Release|Any CPU
		{A42125BB-9603-4FED-BA01-E447A941B19F}.Ad-Hoc|ARM.ActiveCfg = Release|Any CPU
		{A42125BB-9603-4FED-BA01-E447A941B19F}.Ad-Hoc|ARM.Build.0 = Release|Any CPU
		{A42125BB-9603-4FED-BA01-E447A941B19F}.Ad-Hoc|ARM.Deploy.0 = Release|Any CPU
		{A42125BB-9603-4FED-BA01-E447A941B19F}.Ad-Hoc|iPhone.ActiveCfg = Release|Any CPU
		{A42125BB-9603-4FED-BA01-E447A941B19F}.Ad-Hoc|iPhone.Build.0 = Release|Any CPU
		{A42125BB-9603-4FED-BA01-E447A941B19F}.Ad-Hoc|iPhone.Deploy.0 = Release|Any CPU
		{A42125BB-9603-4FED-BA01-E447A941B19F}.Ad-Hoc|iPhoneSimulator.ActiveCfg = Release|Any CPU
		{A42125BB-9603-4FED-BA01-E447A941B19F}.Ad-Hoc|iPhoneSimulator.Build.0 = Release|Any CPU
		{A42125BB-9603-4FED-BA01-E447A941B19F}.Ad-Hoc|iPhoneSimulator.Deploy.0 = Release|Any CPU
		{A42125BB-9603-4FED-BA01-E447A941B19F}.Ad-Hoc|x64.ActiveCfg = Release|Any CPU
		{A42125BB-9603-4FED-BA01-E447A941B19F}.Ad-Hoc|x64.Build.0 = Release|Any CPU
		{A42125BB-9603-4FED-BA01-E447A941B19F}.Ad-Hoc|x64.Deploy.0 = Release|Any CPU
		{A42125BB-9603-4FED-BA01-E447A941B19F}.Ad-Hoc|x86.ActiveCfg = Release|Any CPU
		{A42125BB-9603-4FED-BA01-E447A941B19F}.Ad-Hoc|x86.Build.0 = Release|Any CPU
		{A42125BB-9603-4FED-BA01-E447A941B19F}.Ad-Hoc|x86.Deploy.0 = Release|Any CPU
		{A42125BB-9603-4FED-BA01-E447A941B19F}.AppStore|Any CPU.ActiveCfg = Release|Any CPU
		{A42125BB-9603-4FED-BA01-E447A941B19F}.AppStore|Any CPU.Build.0 = Release|Any CPU
		{A42125BB-9603-4FED-BA01-E447A941B19F}.AppStore|Any CPU.Deploy.0 = Release|Any CPU
		{A42125BB-9603-4FED-BA01-E447A941B19F}.AppStore|ARM.ActiveCfg = Release|Any CPU
		{A42125BB-9603-4FED-BA01-E447A941B19F}.AppStore|ARM.Build.0 = Release|Any CPU
		{A42125BB-9603-4FED-BA01-E447A941B19F}.AppStore|ARM.Deploy.0 = Release|Any CPU
		{A42125BB-9603-4FED-BA01-E447A941B19F}.AppStore|iPhone.ActiveCfg = Release|Any CPU
		{A42125BB-9603-4FED-BA01-E447A941B19F}.AppStore|iPhone.Build.0 = Release|Any CPU
		{A42125BB-9603-4FED-BA01-E447A941B19F}.AppStore|iPhone.Deploy.0 = Release|Any CPU
		{A42125BB-9603-4FED-BA01-E447A941B19F}.AppStore|iPhoneSimulator.ActiveCfg = Release|Any CPU
		{A42125BB-9603-4FED-BA01-E447A941B19F}.AppStore|iPhoneSimulator.Build.0 = Release|Any CPU
		{A42125BB-9603-4FED-BA01-E447A941B19F}.AppStore|iPhoneSimulator.Deploy.0 = Release|Any CPU
		{A42125BB-9603-4FED-BA01-E447A941B19F}.AppStore|x64.ActiveCfg = Release|Any CPU
		{A42125BB-9603-4FED-BA01-E447A941B19F}.AppStore|x64.Build.0 = Release|Any CPU
		{A42125BB-9603-4FED-BA01-E447A941B19F}.AppStore|x64.Deploy.0 = Release|Any CPU
		{A42125BB-9603-4FED-BA01-E447A941B19F}.AppStore|x86.ActiveCfg = Release|Any CPU
		{A42125BB-9603-4FED-BA01-E447A941B19F}.AppStore|x86.Build.0 = Release|Any CPU
		{A42125BB-9603-4FED-BA01-E447A941B19F}.AppStore|x86.Deploy.0 = Release|Any CPU
		{A42125BB-9603-4FED-BA01-E447A941B19F}.Debug|Any CPU.ActiveCfg = Debug|Any CPU
		{A42125BB-9603-4FED-BA01-E447A941B19F}.Debug|Any CPU.Build.0 = Debug|Any CPU
		{A42125BB-9603-4FED-BA01-E447A941B19F}.Debug|Any CPU.Deploy.0 = Debug|Any CPU
		{A42125BB-9603-4FED-BA01-E447A941B19F}.Debug|ARM.ActiveCfg = Debug|Any CPU
		{A42125BB-9603-4FED-BA01-E447A941B19F}.Debug|ARM.Build.0 = Debug|Any CPU
		{A42125BB-9603-4FED-BA01-E447A941B19F}.Debug|ARM.Deploy.0 = Debug|Any CPU
		{A42125BB-9603-4FED-BA01-E447A941B19F}.Debug|iPhone.ActiveCfg = Debug|Any CPU
		{A42125BB-9603-4FED-BA01-E447A941B19F}.Debug|iPhone.Build.0 = Debug|Any CPU
		{A42125BB-9603-4FED-BA01-E447A941B19F}.Debug|iPhone.Deploy.0 = Debug|Any CPU
		{A42125BB-9603-4FED-BA01-E447A941B19F}.Debug|iPhoneSimulator.ActiveCfg = Debug|Any CPU
		{A42125BB-9603-4FED-BA01-E447A941B19F}.Debug|iPhoneSimulator.Build.0 = Debug|Any CPU
		{A42125BB-9603-4FED-BA01-E447A941B19F}.Debug|iPhoneSimulator.Deploy.0 = Debug|Any CPU
		{A42125BB-9603-4FED-BA01-E447A941B19F}.Debug|x64.ActiveCfg = Debug|Any CPU
		{A42125BB-9603-4FED-BA01-E447A941B19F}.Debug|x64.Build.0 = Debug|Any CPU
		{A42125BB-9603-4FED-BA01-E447A941B19F}.Debug|x64.Deploy.0 = Debug|Any CPU
		{A42125BB-9603-4FED-BA01-E447A941B19F}.Debug|x86.ActiveCfg = Debug|Any CPU
		{A42125BB-9603-4FED-BA01-E447A941B19F}.Debug|x86.Build.0 = Debug|Any CPU
		{A42125BB-9603-4FED-BA01-E447A941B19F}.Debug|x86.Deploy.0 = Debug|Any CPU
		{A42125BB-9603-4FED-BA01-E447A941B19F}.Release|Any CPU.ActiveCfg = Release|Any CPU
		{A42125BB-9603-4FED-BA01-E447A941B19F}.Release|Any CPU.Build.0 = Release|Any CPU
		{A42125BB-9603-4FED-BA01-E447A941B19F}.Release|Any CPU.Deploy.0 = Release|Any CPU
		{A42125BB-9603-4FED-BA01-E447A941B19F}.Release|ARM.ActiveCfg = Release|Any CPU
		{A42125BB-9603-4FED-BA01-E447A941B19F}.Release|ARM.Build.0 = Release|Any CPU
		{A42125BB-9603-4FED-BA01-E447A941B19F}.Release|ARM.Deploy.0 = Release|Any CPU
		{A42125BB-9603-4FED-BA01-E447A941B19F}.Release|iPhone.ActiveCfg = Release|Any CPU
		{A42125BB-9603-4FED-BA01-E447A941B19F}.Release|iPhone.Build.0 = Release|Any CPU
		{A42125BB-9603-4FED-BA01-E447A941B19F}.Release|iPhone.Deploy.0 = Release|Any CPU
		{A42125BB-9603-4FED-BA01-E447A941B19F}.Release|iPhoneSimulator.ActiveCfg = Release|Any CPU
		{A42125BB-9603-4FED-BA01-E447A941B19F}.Release|iPhoneSimulator.Build.0 = Release|Any CPU
		{A42125BB-9603-4FED-BA01-E447A941B19F}.Release|iPhoneSimulator.Deploy.0 = Release|Any CPU
		{A42125BB-9603-4FED-BA01-E447A941B19F}.Release|x64.ActiveCfg = Release|Any CPU
		{A42125BB-9603-4FED-BA01-E447A941B19F}.Release|x64.Build.0 = Release|Any CPU
		{A42125BB-9603-4FED-BA01-E447A941B19F}.Release|x64.Deploy.0 = Release|Any CPU
		{A42125BB-9603-4FED-BA01-E447A941B19F}.Release|x86.ActiveCfg = Release|Any CPU
		{A42125BB-9603-4FED-BA01-E447A941B19F}.Release|x86.Build.0 = Release|Any CPU
		{A42125BB-9603-4FED-BA01-E447A941B19F}.Release|x86.Deploy.0 = Release|Any CPU
		{4F4AF2F1-9B7C-4D7A-BCB8-1C813C36A088}.Ad-Hoc|Any CPU.ActiveCfg = Ad-Hoc|iPhone
		{4F4AF2F1-9B7C-4D7A-BCB8-1C813C36A088}.Ad-Hoc|Any CPU.Build.0 = Ad-Hoc|iPhone
		{4F4AF2F1-9B7C-4D7A-BCB8-1C813C36A088}.Ad-Hoc|Any CPU.Deploy.0 = Ad-Hoc|iPhone
		{4F4AF2F1-9B7C-4D7A-BCB8-1C813C36A088}.Ad-Hoc|ARM.ActiveCfg = Ad-Hoc|iPhone
		{4F4AF2F1-9B7C-4D7A-BCB8-1C813C36A088}.Ad-Hoc|ARM.Build.0 = Ad-Hoc|iPhone
		{4F4AF2F1-9B7C-4D7A-BCB8-1C813C36A088}.Ad-Hoc|ARM.Deploy.0 = Ad-Hoc|iPhone
		{4F4AF2F1-9B7C-4D7A-BCB8-1C813C36A088}.Ad-Hoc|iPhone.ActiveCfg = Ad-Hoc|iPhone
		{4F4AF2F1-9B7C-4D7A-BCB8-1C813C36A088}.Ad-Hoc|iPhone.Build.0 = Ad-Hoc|iPhone
		{4F4AF2F1-9B7C-4D7A-BCB8-1C813C36A088}.Ad-Hoc|iPhone.Deploy.0 = Ad-Hoc|iPhone
		{4F4AF2F1-9B7C-4D7A-BCB8-1C813C36A088}.Ad-Hoc|iPhoneSimulator.ActiveCfg = Ad-Hoc|iPhoneSimulator
		{4F4AF2F1-9B7C-4D7A-BCB8-1C813C36A088}.Ad-Hoc|iPhoneSimulator.Build.0 = Ad-Hoc|iPhoneSimulator
		{4F4AF2F1-9B7C-4D7A-BCB8-1C813C36A088}.Ad-Hoc|iPhoneSimulator.Deploy.0 = Ad-Hoc|iPhoneSimulator
		{4F4AF2F1-9B7C-4D7A-BCB8-1C813C36A088}.Ad-Hoc|x64.ActiveCfg = Ad-Hoc|iPhone
		{4F4AF2F1-9B7C-4D7A-BCB8-1C813C36A088}.Ad-Hoc|x64.Build.0 = Ad-Hoc|iPhone
		{4F4AF2F1-9B7C-4D7A-BCB8-1C813C36A088}.Ad-Hoc|x64.Deploy.0 = Ad-Hoc|iPhone
		{4F4AF2F1-9B7C-4D7A-BCB8-1C813C36A088}.Ad-Hoc|x86.ActiveCfg = Ad-Hoc|iPhone
		{4F4AF2F1-9B7C-4D7A-BCB8-1C813C36A088}.Ad-Hoc|x86.Build.0 = Ad-Hoc|iPhone
		{4F4AF2F1-9B7C-4D7A-BCB8-1C813C36A088}.Ad-Hoc|x86.Deploy.0 = Ad-Hoc|iPhone
		{4F4AF2F1-9B7C-4D7A-BCB8-1C813C36A088}.AppStore|Any CPU.ActiveCfg = AppStore|iPhone
		{4F4AF2F1-9B7C-4D7A-BCB8-1C813C36A088}.AppStore|Any CPU.Build.0 = AppStore|iPhone
		{4F4AF2F1-9B7C-4D7A-BCB8-1C813C36A088}.AppStore|Any CPU.Deploy.0 = AppStore|iPhone
		{4F4AF2F1-9B7C-4D7A-BCB8-1C813C36A088}.AppStore|ARM.ActiveCfg = AppStore|iPhone
		{4F4AF2F1-9B7C-4D7A-BCB8-1C813C36A088}.AppStore|ARM.Build.0 = AppStore|iPhone
		{4F4AF2F1-9B7C-4D7A-BCB8-1C813C36A088}.AppStore|ARM.Deploy.0 = AppStore|iPhone
		{4F4AF2F1-9B7C-4D7A-BCB8-1C813C36A088}.AppStore|iPhone.ActiveCfg = AppStore|iPhone
		{4F4AF2F1-9B7C-4D7A-BCB8-1C813C36A088}.AppStore|iPhone.Build.0 = AppStore|iPhone
		{4F4AF2F1-9B7C-4D7A-BCB8-1C813C36A088}.AppStore|iPhone.Deploy.0 = AppStore|iPhone
		{4F4AF2F1-9B7C-4D7A-BCB8-1C813C36A088}.AppStore|iPhoneSimulator.ActiveCfg = AppStore|iPhoneSimulator
		{4F4AF2F1-9B7C-4D7A-BCB8-1C813C36A088}.AppStore|iPhoneSimulator.Build.0 = AppStore|iPhoneSimulator
		{4F4AF2F1-9B7C-4D7A-BCB8-1C813C36A088}.AppStore|iPhoneSimulator.Deploy.0 = AppStore|iPhoneSimulator
		{4F4AF2F1-9B7C-4D7A-BCB8-1C813C36A088}.AppStore|x64.ActiveCfg = AppStore|iPhone
		{4F4AF2F1-9B7C-4D7A-BCB8-1C813C36A088}.AppStore|x64.Build.0 = AppStore|iPhone
		{4F4AF2F1-9B7C-4D7A-BCB8-1C813C36A088}.AppStore|x64.Deploy.0 = AppStore|iPhone
		{4F4AF2F1-9B7C-4D7A-BCB8-1C813C36A088}.AppStore|x86.ActiveCfg = AppStore|iPhone
		{4F4AF2F1-9B7C-4D7A-BCB8-1C813C36A088}.AppStore|x86.Build.0 = AppStore|iPhone
		{4F4AF2F1-9B7C-4D7A-BCB8-1C813C36A088}.AppStore|x86.Deploy.0 = AppStore|iPhone
		{4F4AF2F1-9B7C-4D7A-BCB8-1C813C36A088}.Debug|Any CPU.ActiveCfg = Debug|iPhoneSimulator
		{4F4AF2F1-9B7C-4D7A-BCB8-1C813C36A088}.Debug|Any CPU.Build.0 = Debug|iPhoneSimulator
		{4F4AF2F1-9B7C-4D7A-BCB8-1C813C36A088}.Debug|Any CPU.Deploy.0 = Debug|iPhoneSimulator
		{4F4AF2F1-9B7C-4D7A-BCB8-1C813C36A088}.Debug|ARM.ActiveCfg = Debug|iPhone
		{4F4AF2F1-9B7C-4D7A-BCB8-1C813C36A088}.Debug|ARM.Build.0 = Debug|iPhone
		{4F4AF2F1-9B7C-4D7A-BCB8-1C813C36A088}.Debug|ARM.Deploy.0 = Debug|iPhone
		{4F4AF2F1-9B7C-4D7A-BCB8-1C813C36A088}.Debug|iPhone.ActiveCfg = Debug|iPhone
		{4F4AF2F1-9B7C-4D7A-BCB8-1C813C36A088}.Debug|iPhone.Build.0 = Debug|iPhone
		{4F4AF2F1-9B7C-4D7A-BCB8-1C813C36A088}.Debug|iPhone.Deploy.0 = Debug|iPhone
		{4F4AF2F1-9B7C-4D7A-BCB8-1C813C36A088}.Debug|iPhoneSimulator.ActiveCfg = Debug|iPhoneSimulator
		{4F4AF2F1-9B7C-4D7A-BCB8-1C813C36A088}.Debug|iPhoneSimulator.Build.0 = Debug|iPhoneSimulator
		{4F4AF2F1-9B7C-4D7A-BCB8-1C813C36A088}.Debug|iPhoneSimulator.Deploy.0 = Debug|iPhoneSimulator
		{4F4AF2F1-9B7C-4D7A-BCB8-1C813C36A088}.Debug|x64.ActiveCfg = Debug|iPhone
		{4F4AF2F1-9B7C-4D7A-BCB8-1C813C36A088}.Debug|x64.Build.0 = Debug|iPhone
		{4F4AF2F1-9B7C-4D7A-BCB8-1C813C36A088}.Debug|x64.Deploy.0 = Debug|iPhone
		{4F4AF2F1-9B7C-4D7A-BCB8-1C813C36A088}.Debug|x86.ActiveCfg = Debug|iPhone
		{4F4AF2F1-9B7C-4D7A-BCB8-1C813C36A088}.Debug|x86.Build.0 = Debug|iPhone
		{4F4AF2F1-9B7C-4D7A-BCB8-1C813C36A088}.Debug|x86.Deploy.0 = Debug|iPhone
		{4F4AF2F1-9B7C-4D7A-BCB8-1C813C36A088}.Release|Any CPU.ActiveCfg = Release|iPhone
		{4F4AF2F1-9B7C-4D7A-BCB8-1C813C36A088}.Release|Any CPU.Build.0 = Release|iPhone
		{4F4AF2F1-9B7C-4D7A-BCB8-1C813C36A088}.Release|Any CPU.Deploy.0 = Release|iPhone
		{4F4AF2F1-9B7C-4D7A-BCB8-1C813C36A088}.Release|ARM.ActiveCfg = Release|iPhone
		{4F4AF2F1-9B7C-4D7A-BCB8-1C813C36A088}.Release|ARM.Build.0 = Release|iPhone
		{4F4AF2F1-9B7C-4D7A-BCB8-1C813C36A088}.Release|ARM.Deploy.0 = Release|iPhone
		{4F4AF2F1-9B7C-4D7A-BCB8-1C813C36A088}.Release|iPhone.ActiveCfg = Release|iPhone
		{4F4AF2F1-9B7C-4D7A-BCB8-1C813C36A088}.Release|iPhone.Build.0 = Release|iPhone
		{4F4AF2F1-9B7C-4D7A-BCB8-1C813C36A088}.Release|iPhone.Deploy.0 = Release|iPhone
		{4F4AF2F1-9B7C-4D7A-BCB8-1C813C36A088}.Release|iPhoneSimulator.ActiveCfg = Release|iPhoneSimulator
		{4F4AF2F1-9B7C-4D7A-BCB8-1C813C36A088}.Release|iPhoneSimulator.Build.0 = Release|iPhoneSimulator
		{4F4AF2F1-9B7C-4D7A-BCB8-1C813C36A088}.Release|iPhoneSimulator.Deploy.0 = Release|iPhoneSimulator
		{4F4AF2F1-9B7C-4D7A-BCB8-1C813C36A088}.Release|x64.ActiveCfg = Release|iPhone
		{4F4AF2F1-9B7C-4D7A-BCB8-1C813C36A088}.Release|x64.Build.0 = Release|iPhone
		{4F4AF2F1-9B7C-4D7A-BCB8-1C813C36A088}.Release|x64.Deploy.0 = Release|iPhone
		{4F4AF2F1-9B7C-4D7A-BCB8-1C813C36A088}.Release|x86.ActiveCfg = Release|iPhone
		{4F4AF2F1-9B7C-4D7A-BCB8-1C813C36A088}.Release|x86.Build.0 = Release|iPhone
		{4F4AF2F1-9B7C-4D7A-BCB8-1C813C36A088}.Release|x86.Deploy.0 = Release|iPhone
		{379D660F-3F1E-41AA-B7FA-DC76069D48D6}.Ad-Hoc|Any CPU.ActiveCfg = Release|x86
		{379D660F-3F1E-41AA-B7FA-DC76069D48D6}.Ad-Hoc|Any CPU.Build.0 = Release|x86
		{379D660F-3F1E-41AA-B7FA-DC76069D48D6}.Ad-Hoc|Any CPU.Deploy.0 = Release|x86
		{379D660F-3F1E-41AA-B7FA-DC76069D48D6}.Ad-Hoc|ARM.ActiveCfg = Release|ARM
		{379D660F-3F1E-41AA-B7FA-DC76069D48D6}.Ad-Hoc|ARM.Build.0 = Release|ARM
		{379D660F-3F1E-41AA-B7FA-DC76069D48D6}.Ad-Hoc|ARM.Deploy.0 = Release|ARM
		{379D660F-3F1E-41AA-B7FA-DC76069D48D6}.Ad-Hoc|iPhone.ActiveCfg = Release|x86
		{379D660F-3F1E-41AA-B7FA-DC76069D48D6}.Ad-Hoc|iPhone.Build.0 = Release|x86
		{379D660F-3F1E-41AA-B7FA-DC76069D48D6}.Ad-Hoc|iPhone.Deploy.0 = Release|x86
		{379D660F-3F1E-41AA-B7FA-DC76069D48D6}.Ad-Hoc|iPhoneSimulator.ActiveCfg = Release|x86
		{379D660F-3F1E-41AA-B7FA-DC76069D48D6}.Ad-Hoc|iPhoneSimulator.Build.0 = Release|x86
		{379D660F-3F1E-41AA-B7FA-DC76069D48D6}.Ad-Hoc|iPhoneSimulator.Deploy.0 = Release|x86
		{379D660F-3F1E-41AA-B7FA-DC76069D48D6}.Ad-Hoc|x64.ActiveCfg = Release|x64
		{379D660F-3F1E-41AA-B7FA-DC76069D48D6}.Ad-Hoc|x64.Build.0 = Release|x64
		{379D660F-3F1E-41AA-B7FA-DC76069D48D6}.Ad-Hoc|x64.Deploy.0 = Release|x64
		{379D660F-3F1E-41AA-B7FA-DC76069D48D6}.Ad-Hoc|x86.ActiveCfg = Release|x86
		{379D660F-3F1E-41AA-B7FA-DC76069D48D6}.Ad-Hoc|x86.Build.0 = Release|x86
		{379D660F-3F1E-41AA-B7FA-DC76069D48D6}.Ad-Hoc|x86.Deploy.0 = Release|x86
		{379D660F-3F1E-41AA-B7FA-DC76069D48D6}.AppStore|Any CPU.ActiveCfg = Release|x86
		{379D660F-3F1E-41AA-B7FA-DC76069D48D6}.AppStore|Any CPU.Build.0 = Release|x86
		{379D660F-3F1E-41AA-B7FA-DC76069D48D6}.AppStore|Any CPU.Deploy.0 = Release|x86
		{379D660F-3F1E-41AA-B7FA-DC76069D48D6}.AppStore|ARM.ActiveCfg = Release|ARM
		{379D660F-3F1E-41AA-B7FA-DC76069D48D6}.AppStore|ARM.Build.0 = Release|ARM
		{379D660F-3F1E-41AA-B7FA-DC76069D48D6}.AppStore|ARM.Deploy.0 = Release|ARM
		{379D660F-3F1E-41AA-B7FA-DC76069D48D6}.AppStore|iPhone.ActiveCfg = Release|x86
		{379D660F-3F1E-41AA-B7FA-DC76069D48D6}.AppStore|iPhone.Build.0 = Release|x86
		{379D660F-3F1E-41AA-B7FA-DC76069D48D6}.AppStore|iPhone.Deploy.0 = Release|x86
		{379D660F-3F1E-41AA-B7FA-DC76069D48D6}.AppStore|iPhoneSimulator.ActiveCfg = Release|x86
		{379D660F-3F1E-41AA-B7FA-DC76069D48D6}.AppStore|iPhoneSimulator.Build.0 = Release|x86
		{379D660F-3F1E-41AA-B7FA-DC76069D48D6}.AppStore|iPhoneSimulator.Deploy.0 = Release|x86
		{379D660F-3F1E-41AA-B7FA-DC76069D48D6}.AppStore|x64.ActiveCfg = Release|x64
		{379D660F-3F1E-41AA-B7FA-DC76069D48D6}.AppStore|x64.Build.0 = Release|x64
		{379D660F-3F1E-41AA-B7FA-DC76069D48D6}.AppStore|x64.Deploy.0 = Release|x64
		{379D660F-3F1E-41AA-B7FA-DC76069D48D6}.AppStore|x86.ActiveCfg = Release|x86
		{379D660F-3F1E-41AA-B7FA-DC76069D48D6}.AppStore|x86.Build.0 = Release|x86
		{379D660F-3F1E-41AA-B7FA-DC76069D48D6}.AppStore|x86.Deploy.0 = Release|x86
		{379D660F-3F1E-41AA-B7FA-DC76069D48D6}.Debug|Any CPU.ActiveCfg = Debug|x86
		{379D660F-3F1E-41AA-B7FA-DC76069D48D6}.Debug|Any CPU.Build.0 = Debug|x86
		{379D660F-3F1E-41AA-B7FA-DC76069D48D6}.Debug|Any CPU.Deploy.0 = Debug|x86
		{379D660F-3F1E-41AA-B7FA-DC76069D48D6}.Debug|ARM.ActiveCfg = Debug|ARM
		{379D660F-3F1E-41AA-B7FA-DC76069D48D6}.Debug|ARM.Build.0 = Debug|ARM
		{379D660F-3F1E-41AA-B7FA-DC76069D48D6}.Debug|ARM.Deploy.0 = Debug|ARM
		{379D660F-3F1E-41AA-B7FA-DC76069D48D6}.Debug|iPhone.ActiveCfg = Debug|x86
		{379D660F-3F1E-41AA-B7FA-DC76069D48D6}.Debug|iPhone.Build.0 = Debug|x86
		{379D660F-3F1E-41AA-B7FA-DC76069D48D6}.Debug|iPhone.Deploy.0 = Debug|x86
		{379D660F-3F1E-41AA-B7FA-DC76069D48D6}.Debug|iPhoneSimulator.ActiveCfg = Debug|x86
		{379D660F-3F1E-41AA-B7FA-DC76069D48D6}.Debug|iPhoneSimulator.Build.0 = Debug|x86
		{379D660F-3F1E-41AA-B7FA-DC76069D48D6}.Debug|iPhoneSimulator.Deploy.0 = Debug|x86
		{379D660F-3F1E-41AA-B7FA-DC76069D48D6}.Debug|x64.ActiveCfg = Debug|x64
		{379D660F-3F1E-41AA-B7FA-DC76069D48D6}.Debug|x64.Build.0 = Debug|x64
		{379D660F-3F1E-41AA-B7FA-DC76069D48D6}.Debug|x64.Deploy.0 = Debug|x64
		{379D660F-3F1E-41AA-B7FA-DC76069D48D6}.Debug|x86.ActiveCfg = Debug|x86
		{379D660F-3F1E-41AA-B7FA-DC76069D48D6}.Debug|x86.Build.0 = Debug|x86
		{379D660F-3F1E-41AA-B7FA-DC76069D48D6}.Debug|x86.Deploy.0 = Debug|x86
		{379D660F-3F1E-41AA-B7FA-DC76069D48D6}.Release|Any CPU.ActiveCfg = Release|x86
		{379D660F-3F1E-41AA-B7FA-DC76069D48D6}.Release|Any CPU.Build.0 = Release|x86
		{379D660F-3F1E-41AA-B7FA-DC76069D48D6}.Release|Any CPU.Deploy.0 = Release|x86
		{379D660F-3F1E-41AA-B7FA-DC76069D48D6}.Release|ARM.ActiveCfg = Release|ARM
		{379D660F-3F1E-41AA-B7FA-DC76069D48D6}.Release|ARM.Build.0 = Release|ARM
		{379D660F-3F1E-41AA-B7FA-DC76069D48D6}.Release|ARM.Deploy.0 = Release|ARM
		{379D660F-3F1E-41AA-B7FA-DC76069D48D6}.Release|iPhone.ActiveCfg = Release|x86
		{379D660F-3F1E-41AA-B7FA-DC76069D48D6}.Release|iPhone.Build.0 = Release|x86
		{379D660F-3F1E-41AA-B7FA-DC76069D48D6}.Release|iPhone.Deploy.0 = Release|x86
		{379D660F-3F1E-41AA-B7FA-DC76069D48D6}.Release|iPhoneSimulator.ActiveCfg = Release|x86
		{379D660F-3F1E-41AA-B7FA-DC76069D48D6}.Release|iPhoneSimulator.Build.0 = Release|x86
		{379D660F-3F1E-41AA-B7FA-DC76069D48D6}.Release|iPhoneSimulator.Deploy.0 = Release|x86
		{379D660F-3F1E-41AA-B7FA-DC76069D48D6}.Release|x64.ActiveCfg = Release|x64
		{379D660F-3F1E-41AA-B7FA-DC76069D48D6}.Release|x64.Build.0 = Release|x64
		{379D660F-3F1E-41AA-B7FA-DC76069D48D6}.Release|x64.Deploy.0 = Release|x64
		{379D660F-3F1E-41AA-B7FA-DC76069D48D6}.Release|x86.ActiveCfg = Release|x86
		{379D660F-3F1E-41AA-B7FA-DC76069D48D6}.Release|x86.Build.0 = Release|x86
		{379D660F-3F1E-41AA-B7FA-DC76069D48D6}.Release|x86.Deploy.0 = Release|x86
		{C5D32CEB-B427-41E0-AC93-FA7030E21E9C}.Ad-Hoc|Any CPU.ActiveCfg = Debug|Any CPU
		{C5D32CEB-B427-41E0-AC93-FA7030E21E9C}.Ad-Hoc|Any CPU.Build.0 = Debug|Any CPU
		{C5D32CEB-B427-41E0-AC93-FA7030E21E9C}.Ad-Hoc|Any CPU.Deploy.0 = Debug|Any CPU
		{C5D32CEB-B427-41E0-AC93-FA7030E21E9C}.Ad-Hoc|ARM.ActiveCfg = Debug|Any CPU
		{C5D32CEB-B427-41E0-AC93-FA7030E21E9C}.Ad-Hoc|ARM.Build.0 = Debug|Any CPU
		{C5D32CEB-B427-41E0-AC93-FA7030E21E9C}.Ad-Hoc|ARM.Deploy.0 = Debug|Any CPU
		{C5D32CEB-B427-41E0-AC93-FA7030E21E9C}.Ad-Hoc|iPhone.ActiveCfg = Debug|Any CPU
		{C5D32CEB-B427-41E0-AC93-FA7030E21E9C}.Ad-Hoc|iPhone.Build.0 = Debug|Any CPU
		{C5D32CEB-B427-41E0-AC93-FA7030E21E9C}.Ad-Hoc|iPhone.Deploy.0 = Debug|Any CPU
		{C5D32CEB-B427-41E0-AC93-FA7030E21E9C}.Ad-Hoc|iPhoneSimulator.ActiveCfg = Debug|Any CPU
		{C5D32CEB-B427-41E0-AC93-FA7030E21E9C}.Ad-Hoc|iPhoneSimulator.Build.0 = Debug|Any CPU
		{C5D32CEB-B427-41E0-AC93-FA7030E21E9C}.Ad-Hoc|iPhoneSimulator.Deploy.0 = Debug|Any CPU
		{C5D32CEB-B427-41E0-AC93-FA7030E21E9C}.Ad-Hoc|x64.ActiveCfg = Debug|Any CPU
		{C5D32CEB-B427-41E0-AC93-FA7030E21E9C}.Ad-Hoc|x64.Build.0 = Debug|Any CPU
		{C5D32CEB-B427-41E0-AC93-FA7030E21E9C}.Ad-Hoc|x64.Deploy.0 = Debug|Any CPU
		{C5D32CEB-B427-41E0-AC93-FA7030E21E9C}.Ad-Hoc|x86.ActiveCfg = Debug|Any CPU
		{C5D32CEB-B427-41E0-AC93-FA7030E21E9C}.Ad-Hoc|x86.Build.0 = Debug|Any CPU
		{C5D32CEB-B427-41E0-AC93-FA7030E21E9C}.Ad-Hoc|x86.Deploy.0 = Debug|Any CPU
		{C5D32CEB-B427-41E0-AC93-FA7030E21E9C}.AppStore|Any CPU.ActiveCfg = Debug|Any CPU
		{C5D32CEB-B427-41E0-AC93-FA7030E21E9C}.AppStore|Any CPU.Build.0 = Debug|Any CPU
		{C5D32CEB-B427-41E0-AC93-FA7030E21E9C}.AppStore|Any CPU.Deploy.0 = Debug|Any CPU
		{C5D32CEB-B427-41E0-AC93-FA7030E21E9C}.AppStore|ARM.ActiveCfg = Debug|Any CPU
		{C5D32CEB-B427-41E0-AC93-FA7030E21E9C}.AppStore|ARM.Build.0 = Debug|Any CPU
		{C5D32CEB-B427-41E0-AC93-FA7030E21E9C}.AppStore|ARM.Deploy.0 = Debug|Any CPU
		{C5D32CEB-B427-41E0-AC93-FA7030E21E9C}.AppStore|iPhone.ActiveCfg = Debug|Any CPU
		{C5D32CEB-B427-41E0-AC93-FA7030E21E9C}.AppStore|iPhone.Build.0 = Debug|Any CPU
		{C5D32CEB-B427-41E0-AC93-FA7030E21E9C}.AppStore|iPhone.Deploy.0 = Debug|Any CPU
		{C5D32CEB-B427-41E0-AC93-FA7030E21E9C}.AppStore|iPhoneSimulator.ActiveCfg = Debug|Any CPU
		{C5D32CEB-B427-41E0-AC93-FA7030E21E9C}.AppStore|iPhoneSimulator.Build.0 = Debug|Any CPU
		{C5D32CEB-B427-41E0-AC93-FA7030E21E9C}.AppStore|iPhoneSimulator.Deploy.0 = Debug|Any CPU
		{C5D32CEB-B427-41E0-AC93-FA7030E21E9C}.AppStore|x64.ActiveCfg = Debug|Any CPU
		{C5D32CEB-B427-41E0-AC93-FA7030E21E9C}.AppStore|x64.Build.0 = Debug|Any CPU
		{C5D32CEB-B427-41E0-AC93-FA7030E21E9C}.AppStore|x64.Deploy.0 = Debug|Any CPU
		{C5D32CEB-B427-41E0-AC93-FA7030E21E9C}.AppStore|x86.ActiveCfg = Debug|Any CPU
		{C5D32CEB-B427-41E0-AC93-FA7030E21E9C}.AppStore|x86.Build.0 = Debug|Any CPU
		{C5D32CEB-B427-41E0-AC93-FA7030E21E9C}.AppStore|x86.Deploy.0 = Debug|Any CPU
		{C5D32CEB-B427-41E0-AC93-FA7030E21E9C}.Debug|Any CPU.ActiveCfg = Debug|Any CPU
		{C5D32CEB-B427-41E0-AC93-FA7030E21E9C}.Debug|Any CPU.Build.0 = Debug|Any CPU
		{C5D32CEB-B427-41E0-AC93-FA7030E21E9C}.Debug|Any CPU.Deploy.0 = Debug|Any CPU
		{C5D32CEB-B427-41E0-AC93-FA7030E21E9C}.Debug|ARM.ActiveCfg = Debug|Any CPU
		{C5D32CEB-B427-41E0-AC93-FA7030E21E9C}.Debug|ARM.Build.0 = Debug|Any CPU
		{C5D32CEB-B427-41E0-AC93-FA7030E21E9C}.Debug|ARM.Deploy.0 = Debug|Any CPU
		{C5D32CEB-B427-41E0-AC93-FA7030E21E9C}.Debug|iPhone.ActiveCfg = Debug|Any CPU
		{C5D32CEB-B427-41E0-AC93-FA7030E21E9C}.Debug|iPhone.Build.0 = Debug|Any CPU
		{C5D32CEB-B427-41E0-AC93-FA7030E21E9C}.Debug|iPhone.Deploy.0 = Debug|Any CPU
		{C5D32CEB-B427-41E0-AC93-FA7030E21E9C}.Debug|iPhoneSimulator.ActiveCfg = Debug|Any CPU
		{C5D32CEB-B427-41E0-AC93-FA7030E21E9C}.Debug|iPhoneSimulator.Build.0 = Debug|Any CPU
		{C5D32CEB-B427-41E0-AC93-FA7030E21E9C}.Debug|iPhoneSimulator.Deploy.0 = Debug|Any CPU
		{C5D32CEB-B427-41E0-AC93-FA7030E21E9C}.Debug|x64.ActiveCfg = Debug|Any CPU
		{C5D32CEB-B427-41E0-AC93-FA7030E21E9C}.Debug|x64.Build.0 = Debug|Any CPU
		{C5D32CEB-B427-41E0-AC93-FA7030E21E9C}.Debug|x64.Deploy.0 = Debug|Any CPU
		{C5D32CEB-B427-41E0-AC93-FA7030E21E9C}.Debug|x86.ActiveCfg = Debug|Any CPU
		{C5D32CEB-B427-41E0-AC93-FA7030E21E9C}.Debug|x86.Build.0 = Debug|Any CPU
		{C5D32CEB-B427-41E0-AC93-FA7030E21E9C}.Debug|x86.Deploy.0 = Debug|Any CPU
		{C5D32CEB-B427-41E0-AC93-FA7030E21E9C}.Release|Any CPU.ActiveCfg = Release|Any CPU
		{C5D32CEB-B427-41E0-AC93-FA7030E21E9C}.Release|Any CPU.Build.0 = Release|Any CPU
		{C5D32CEB-B427-41E0-AC93-FA7030E21E9C}.Release|Any CPU.Deploy.0 = Release|Any CPU
		{C5D32CEB-B427-41E0-AC93-FA7030E21E9C}.Release|ARM.ActiveCfg = Release|Any CPU
		{C5D32CEB-B427-41E0-AC93-FA7030E21E9C}.Release|ARM.Build.0 = Release|Any CPU
		{C5D32CEB-B427-41E0-AC93-FA7030E21E9C}.Release|ARM.Deploy.0 = Release|Any CPU
		{C5D32CEB-B427-41E0-AC93-FA7030E21E9C}.Release|iPhone.ActiveCfg = Release|Any CPU
		{C5D32CEB-B427-41E0-AC93-FA7030E21E9C}.Release|iPhone.Build.0 = Release|Any CPU
		{C5D32CEB-B427-41E0-AC93-FA7030E21E9C}.Release|iPhone.Deploy.0 = Release|Any CPU
		{C5D32CEB-B427-41E0-AC93-FA7030E21E9C}.Release|iPhoneSimulator.ActiveCfg = Release|Any CPU
		{C5D32CEB-B427-41E0-AC93-FA7030E21E9C}.Release|iPhoneSimulator.Build.0 = Release|Any CPU
		{C5D32CEB-B427-41E0-AC93-FA7030E21E9C}.Release|iPhoneSimulator.Deploy.0 = Release|Any CPU
		{C5D32CEB-B427-41E0-AC93-FA7030E21E9C}.Release|x64.ActiveCfg = Release|Any CPU
		{C5D32CEB-B427-41E0-AC93-FA7030E21E9C}.Release|x64.Build.0 = Release|Any CPU
		{C5D32CEB-B427-41E0-AC93-FA7030E21E9C}.Release|x64.Deploy.0 = Release|Any CPU
		{C5D32CEB-B427-41E0-AC93-FA7030E21E9C}.Release|x86.ActiveCfg = Release|Any CPU
		{C5D32CEB-B427-41E0-AC93-FA7030E21E9C}.Release|x86.Build.0 = Release|Any CPU
		{C5D32CEB-B427-41E0-AC93-FA7030E21E9C}.Release|x86.Deploy.0 = Release|Any CPU
		{631BBD78-2328-4543-899C-A30A23296A96}.Ad-Hoc|Any CPU.ActiveCfg = Release|Any CPU
		{631BBD78-2328-4543-899C-A30A23296A96}.Ad-Hoc|Any CPU.Build.0 = Release|Any CPU
		{631BBD78-2328-4543-899C-A30A23296A96}.Ad-Hoc|ARM.ActiveCfg = Release|Any CPU
		{631BBD78-2328-4543-899C-A30A23296A96}.Ad-Hoc|ARM.Build.0 = Release|Any CPU
		{631BBD78-2328-4543-899C-A30A23296A96}.Ad-Hoc|iPhone.ActiveCfg = Release|Any CPU
		{631BBD78-2328-4543-899C-A30A23296A96}.Ad-Hoc|iPhone.Build.0 = Release|Any CPU
		{631BBD78-2328-4543-899C-A30A23296A96}.Ad-Hoc|iPhoneSimulator.ActiveCfg = Release|Any CPU
		{631BBD78-2328-4543-899C-A30A23296A96}.Ad-Hoc|iPhoneSimulator.Build.0 = Release|Any CPU
		{631BBD78-2328-4543-899C-A30A23296A96}.Ad-Hoc|x64.ActiveCfg = Release|Any CPU
		{631BBD78-2328-4543-899C-A30A23296A96}.Ad-Hoc|x64.Build.0 = Release|Any CPU
		{631BBD78-2328-4543-899C-A30A23296A96}.Ad-Hoc|x86.ActiveCfg = Release|Any CPU
		{631BBD78-2328-4543-899C-A30A23296A96}.Ad-Hoc|x86.Build.0 = Release|Any CPU
		{631BBD78-2328-4543-899C-A30A23296A96}.AppStore|Any CPU.ActiveCfg = Release|Any CPU
		{631BBD78-2328-4543-899C-A30A23296A96}.AppStore|Any CPU.Build.0 = Release|Any CPU
		{631BBD78-2328-4543-899C-A30A23296A96}.AppStore|ARM.ActiveCfg = Release|Any CPU
		{631BBD78-2328-4543-899C-A30A23296A96}.AppStore|ARM.Build.0 = Release|Any CPU
		{631BBD78-2328-4543-899C-A30A23296A96}.AppStore|iPhone.ActiveCfg = Release|Any CPU
		{631BBD78-2328-4543-899C-A30A23296A96}.AppStore|iPhone.Build.0 = Release|Any CPU
		{631BBD78-2328-4543-899C-A30A23296A96}.AppStore|iPhoneSimulator.ActiveCfg = Release|Any CPU
		{631BBD78-2328-4543-899C-A30A23296A96}.AppStore|iPhoneSimulator.Build.0 = Release|Any CPU
		{631BBD78-2328-4543-899C-A30A23296A96}.AppStore|x64.ActiveCfg = Release|Any CPU
		{631BBD78-2328-4543-899C-A30A23296A96}.AppStore|x64.Build.0 = Release|Any CPU
		{631BBD78-2328-4543-899C-A30A23296A96}.AppStore|x86.ActiveCfg = Release|Any CPU
		{631BBD78-2328-4543-899C-A30A23296A96}.AppStore|x86.Build.0 = Release|Any CPU
		{631BBD78-2328-4543-899C-A30A23296A96}.Debug|Any CPU.ActiveCfg = Debug|Any CPU
		{631BBD78-2328-4543-899C-A30A23296A96}.Debug|Any CPU.Build.0 = Debug|Any CPU
		{631BBD78-2328-4543-899C-A30A23296A96}.Debug|ARM.ActiveCfg = Debug|Any CPU
		{631BBD78-2328-4543-899C-A30A23296A96}.Debug|ARM.Build.0 = Debug|Any CPU
		{631BBD78-2328-4543-899C-A30A23296A96}.Debug|iPhone.ActiveCfg = Debug|Any CPU
		{631BBD78-2328-4543-899C-A30A23296A96}.Debug|iPhone.Build.0 = Debug|Any CPU
		{631BBD78-2328-4543-899C-A30A23296A96}.Debug|iPhoneSimulator.ActiveCfg = Debug|Any CPU
		{631BBD78-2328-4543-899C-A30A23296A96}.Debug|iPhoneSimulator.Build.0 = Debug|Any CPU
		{631BBD78-2328-4543-899C-A30A23296A96}.Debug|x64.ActiveCfg = Debug|Any CPU
		{631BBD78-2328-4543-899C-A30A23296A96}.Debug|x64.Build.0 = Debug|Any CPU
		{631BBD78-2328-4543-899C-A30A23296A96}.Debug|x86.ActiveCfg = Debug|Any CPU
		{631BBD78-2328-4543-899C-A30A23296A96}.Debug|x86.Build.0 = Debug|Any CPU
		{631BBD78-2328-4543-899C-A30A23296A96}.Release|Any CPU.ActiveCfg = Release|Any CPU
		{631BBD78-2328-4543-899C-A30A23296A96}.Release|Any CPU.Build.0 = Release|Any CPU
		{631BBD78-2328-4543-899C-A30A23296A96}.Release|ARM.ActiveCfg = Release|Any CPU
		{631BBD78-2328-4543-899C-A30A23296A96}.Release|ARM.Build.0 = Release|Any CPU
		{631BBD78-2328-4543-899C-A30A23296A96}.Release|iPhone.ActiveCfg = Release|Any CPU
		{631BBD78-2328-4543-899C-A30A23296A96}.Release|iPhone.Build.0 = Release|Any CPU
		{631BBD78-2328-4543-899C-A30A23296A96}.Release|iPhoneSimulator.ActiveCfg = Release|Any CPU
		{631BBD78-2328-4543-899C-A30A23296A96}.Release|iPhoneSimulator.Build.0 = Release|Any CPU
		{631BBD78-2328-4543-899C-A30A23296A96}.Release|x64.ActiveCfg = Release|Any CPU
		{631BBD78-2328-4543-899C-A30A23296A96}.Release|x64.Build.0 = Release|Any CPU
		{631BBD78-2328-4543-899C-A30A23296A96}.Release|x86.ActiveCfg = Release|Any CPU
		{631BBD78-2328-4543-899C-A30A23296A96}.Release|x86.Build.0 = Release|Any CPU
		{2D08ADE8-F0DA-4787-B246-745BA64849FB}.Ad-Hoc|Any CPU.ActiveCfg = Release|Any CPU
		{2D08ADE8-F0DA-4787-B246-745BA64849FB}.Ad-Hoc|Any CPU.Build.0 = Release|Any CPU
		{2D08ADE8-F0DA-4787-B246-745BA64849FB}.Ad-Hoc|ARM.ActiveCfg = Release|Any CPU
		{2D08ADE8-F0DA-4787-B246-745BA64849FB}.Ad-Hoc|ARM.Build.0 = Release|Any CPU
		{2D08ADE8-F0DA-4787-B246-745BA64849FB}.Ad-Hoc|iPhone.ActiveCfg = Release|Any CPU
		{2D08ADE8-F0DA-4787-B246-745BA64849FB}.Ad-Hoc|iPhone.Build.0 = Release|Any CPU
		{2D08ADE8-F0DA-4787-B246-745BA64849FB}.Ad-Hoc|iPhoneSimulator.ActiveCfg = Release|Any CPU
		{2D08ADE8-F0DA-4787-B246-745BA64849FB}.Ad-Hoc|iPhoneSimulator.Build.0 = Release|Any CPU
		{2D08ADE8-F0DA-4787-B246-745BA64849FB}.Ad-Hoc|x64.ActiveCfg = Release|Any CPU
		{2D08ADE8-F0DA-4787-B246-745BA64849FB}.Ad-Hoc|x64.Build.0 = Release|Any CPU
		{2D08ADE8-F0DA-4787-B246-745BA64849FB}.Ad-Hoc|x86.ActiveCfg = Release|Any CPU
		{2D08ADE8-F0DA-4787-B246-745BA64849FB}.Ad-Hoc|x86.Build.0 = Release|Any CPU
		{2D08ADE8-F0DA-4787-B246-745BA64849FB}.AppStore|Any CPU.ActiveCfg = Release|Any CPU
		{2D08ADE8-F0DA-4787-B246-745BA64849FB}.AppStore|Any CPU.Build.0 = Release|Any CPU
		{2D08ADE8-F0DA-4787-B246-745BA64849FB}.AppStore|ARM.ActiveCfg = Release|Any CPU
		{2D08ADE8-F0DA-4787-B246-745BA64849FB}.AppStore|ARM.Build.0 = Release|Any CPU
		{2D08ADE8-F0DA-4787-B246-745BA64849FB}.AppStore|iPhone.ActiveCfg = Release|Any CPU
		{2D08ADE8-F0DA-4787-B246-745BA64849FB}.AppStore|iPhone.Build.0 = Release|Any CPU
		{2D08ADE8-F0DA-4787-B246-745BA64849FB}.AppStore|iPhoneSimulator.ActiveCfg = Release|Any CPU
		{2D08ADE8-F0DA-4787-B246-745BA64849FB}.AppStore|iPhoneSimulator.Build.0 = Release|Any CPU
		{2D08ADE8-F0DA-4787-B246-745BA64849FB}.AppStore|x64.ActiveCfg = Release|Any CPU
		{2D08ADE8-F0DA-4787-B246-745BA64849FB}.AppStore|x64.Build.0 = Release|Any CPU
		{2D08ADE8-F0DA-4787-B246-745BA64849FB}.AppStore|x86.ActiveCfg = Release|Any CPU
		{2D08ADE8-F0DA-4787-B246-745BA64849FB}.AppStore|x86.Build.0 = Release|Any CPU
		{2D08ADE8-F0DA-4787-B246-745BA64849FB}.Debug|Any CPU.ActiveCfg = Debug|Any CPU
		{2D08ADE8-F0DA-4787-B246-745BA64849FB}.Debug|Any CPU.Build.0 = Debug|Any CPU
		{2D08ADE8-F0DA-4787-B246-745BA64849FB}.Debug|ARM.ActiveCfg = Debug|Any CPU
		{2D08ADE8-F0DA-4787-B246-745BA64849FB}.Debug|ARM.Build.0 = Debug|Any CPU
		{2D08ADE8-F0DA-4787-B246-745BA64849FB}.Debug|iPhone.ActiveCfg = Debug|Any CPU
		{2D08ADE8-F0DA-4787-B246-745BA64849FB}.Debug|iPhone.Build.0 = Debug|Any CPU
		{2D08ADE8-F0DA-4787-B246-745BA64849FB}.Debug|iPhoneSimulator.ActiveCfg = Debug|Any CPU
		{2D08ADE8-F0DA-4787-B246-745BA64849FB}.Debug|iPhoneSimulator.Build.0 = Debug|Any CPU
		{2D08ADE8-F0DA-4787-B246-745BA64849FB}.Debug|x64.ActiveCfg = Debug|Any CPU
		{2D08ADE8-F0DA-4787-B246-745BA64849FB}.Debug|x64.Build.0 = Debug|Any CPU
		{2D08ADE8-F0DA-4787-B246-745BA64849FB}.Debug|x86.ActiveCfg = Debug|Any CPU
		{2D08ADE8-F0DA-4787-B246-745BA64849FB}.Debug|x86.Build.0 = Debug|Any CPU
		{2D08ADE8-F0DA-4787-B246-745BA64849FB}.Release|Any CPU.ActiveCfg = Release|Any CPU
		{2D08ADE8-F0DA-4787-B246-745BA64849FB}.Release|Any CPU.Build.0 = Release|Any CPU
		{2D08ADE8-F0DA-4787-B246-745BA64849FB}.Release|ARM.ActiveCfg = Release|Any CPU
		{2D08ADE8-F0DA-4787-B246-745BA64849FB}.Release|ARM.Build.0 = Release|Any CPU
		{2D08ADE8-F0DA-4787-B246-745BA64849FB}.Release|iPhone.ActiveCfg = Release|Any CPU
		{2D08ADE8-F0DA-4787-B246-745BA64849FB}.Release|iPhone.Build.0 = Release|Any CPU
		{2D08ADE8-F0DA-4787-B246-745BA64849FB}.Release|iPhoneSimulator.ActiveCfg = Release|Any CPU
		{2D08ADE8-F0DA-4787-B246-745BA64849FB}.Release|iPhoneSimulator.Build.0 = Release|Any CPU
		{2D08ADE8-F0DA-4787-B246-745BA64849FB}.Release|x64.ActiveCfg = Release|Any CPU
		{2D08ADE8-F0DA-4787-B246-745BA64849FB}.Release|x64.Build.0 = Release|Any CPU
		{2D08ADE8-F0DA-4787-B246-745BA64849FB}.Release|x86.ActiveCfg = Release|Any CPU
		{2D08ADE8-F0DA-4787-B246-745BA64849FB}.Release|x86.Build.0 = Release|Any CPU
		{607EFF7B-0413-4824-9876-F0162C32FECB}.Ad-Hoc|Any CPU.ActiveCfg = Release|Any CPU
		{607EFF7B-0413-4824-9876-F0162C32FECB}.Ad-Hoc|Any CPU.Build.0 = Release|Any CPU
		{607EFF7B-0413-4824-9876-F0162C32FECB}.Ad-Hoc|ARM.ActiveCfg = Release|Any CPU
		{607EFF7B-0413-4824-9876-F0162C32FECB}.Ad-Hoc|ARM.Build.0 = Release|Any CPU
		{607EFF7B-0413-4824-9876-F0162C32FECB}.Ad-Hoc|iPhone.ActiveCfg = Release|Any CPU
		{607EFF7B-0413-4824-9876-F0162C32FECB}.Ad-Hoc|iPhone.Build.0 = Release|Any CPU
		{607EFF7B-0413-4824-9876-F0162C32FECB}.Ad-Hoc|iPhoneSimulator.ActiveCfg = Release|Any CPU
		{607EFF7B-0413-4824-9876-F0162C32FECB}.Ad-Hoc|iPhoneSimulator.Build.0 = Release|Any CPU
		{607EFF7B-0413-4824-9876-F0162C32FECB}.Ad-Hoc|x64.ActiveCfg = Release|Any CPU
		{607EFF7B-0413-4824-9876-F0162C32FECB}.Ad-Hoc|x64.Build.0 = Release|Any CPU
		{607EFF7B-0413-4824-9876-F0162C32FECB}.Ad-Hoc|x86.ActiveCfg = Release|Any CPU
		{607EFF7B-0413-4824-9876-F0162C32FECB}.Ad-Hoc|x86.Build.0 = Release|Any CPU
		{607EFF7B-0413-4824-9876-F0162C32FECB}.AppStore|Any CPU.ActiveCfg = Release|Any CPU
		{607EFF7B-0413-4824-9876-F0162C32FECB}.AppStore|Any CPU.Build.0 = Release|Any CPU
		{607EFF7B-0413-4824-9876-F0162C32FECB}.AppStore|ARM.ActiveCfg = Release|Any CPU
		{607EFF7B-0413-4824-9876-F0162C32FECB}.AppStore|ARM.Build.0 = Release|Any CPU
		{607EFF7B-0413-4824-9876-F0162C32FECB}.AppStore|iPhone.ActiveCfg = Release|Any CPU
		{607EFF7B-0413-4824-9876-F0162C32FECB}.AppStore|iPhone.Build.0 = Release|Any CPU
		{607EFF7B-0413-4824-9876-F0162C32FECB}.AppStore|iPhoneSimulator.ActiveCfg = Release|Any CPU
		{607EFF7B-0413-4824-9876-F0162C32FECB}.AppStore|iPhoneSimulator.Build.0 = Release|Any CPU
		{607EFF7B-0413-4824-9876-F0162C32FECB}.AppStore|x64.ActiveCfg = Release|Any CPU
		{607EFF7B-0413-4824-9876-F0162C32FECB}.AppStore|x64.Build.0 = Release|Any CPU
		{607EFF7B-0413-4824-9876-F0162C32FECB}.AppStore|x86.ActiveCfg = Release|Any CPU
		{607EFF7B-0413-4824-9876-F0162C32FECB}.AppStore|x86.Build.0 = Release|Any CPU
		{607EFF7B-0413-4824-9876-F0162C32FECB}.Debug|Any CPU.ActiveCfg = Debug|Any CPU
		{607EFF7B-0413-4824-9876-F0162C32FECB}.Debug|Any CPU.Build.0 = Debug|Any CPU
		{607EFF7B-0413-4824-9876-F0162C32FECB}.Debug|ARM.ActiveCfg = Debug|Any CPU
		{607EFF7B-0413-4824-9876-F0162C32FECB}.Debug|ARM.Build.0 = Debug|Any CPU
		{607EFF7B-0413-4824-9876-F0162C32FECB}.Debug|iPhone.ActiveCfg = Debug|Any CPU
		{607EFF7B-0413-4824-9876-F0162C32FECB}.Debug|iPhone.Build.0 = Debug|Any CPU
		{607EFF7B-0413-4824-9876-F0162C32FECB}.Debug|iPhoneSimulator.ActiveCfg = Debug|Any CPU
		{607EFF7B-0413-4824-9876-F0162C32FECB}.Debug|iPhoneSimulator.Build.0 = Debug|Any CPU
		{607EFF7B-0413-4824-9876-F0162C32FECB}.Debug|x64.ActiveCfg = Debug|Any CPU
		{607EFF7B-0413-4824-9876-F0162C32FECB}.Debug|x64.Build.0 = Debug|Any CPU
		{607EFF7B-0413-4824-9876-F0162C32FECB}.Debug|x86.ActiveCfg = Debug|Any CPU
		{607EFF7B-0413-4824-9876-F0162C32FECB}.Debug|x86.Build.0 = Debug|Any CPU
		{607EFF7B-0413-4824-9876-F0162C32FECB}.Release|Any CPU.ActiveCfg = Release|Any CPU
		{607EFF7B-0413-4824-9876-F0162C32FECB}.Release|Any CPU.Build.0 = Release|Any CPU
		{607EFF7B-0413-4824-9876-F0162C32FECB}.Release|ARM.ActiveCfg = Release|Any CPU
		{607EFF7B-0413-4824-9876-F0162C32FECB}.Release|ARM.Build.0 = Release|Any CPU
		{607EFF7B-0413-4824-9876-F0162C32FECB}.Release|iPhone.ActiveCfg = Release|Any CPU
		{607EFF7B-0413-4824-9876-F0162C32FECB}.Release|iPhone.Build.0 = Release|Any CPU
		{607EFF7B-0413-4824-9876-F0162C32FECB}.Release|iPhoneSimulator.ActiveCfg = Release|Any CPU
		{607EFF7B-0413-4824-9876-F0162C32FECB}.Release|iPhoneSimulator.Build.0 = Release|Any CPU
		{607EFF7B-0413-4824-9876-F0162C32FECB}.Release|x64.ActiveCfg = Release|Any CPU
		{607EFF7B-0413-4824-9876-F0162C32FECB}.Release|x64.Build.0 = Release|Any CPU
		{607EFF7B-0413-4824-9876-F0162C32FECB}.Release|x86.ActiveCfg = Release|Any CPU
		{607EFF7B-0413-4824-9876-F0162C32FECB}.Release|x86.Build.0 = Release|Any CPU
		{96AC9424-8EC1-4A46-A602-E2737246E297}.Ad-Hoc|Any CPU.ActiveCfg = Release|Any CPU
		{96AC9424-8EC1-4A46-A602-E2737246E297}.Ad-Hoc|Any CPU.Build.0 = Release|Any CPU
		{96AC9424-8EC1-4A46-A602-E2737246E297}.Ad-Hoc|ARM.ActiveCfg = Release|Any CPU
		{96AC9424-8EC1-4A46-A602-E2737246E297}.Ad-Hoc|ARM.Build.0 = Release|Any CPU
		{96AC9424-8EC1-4A46-A602-E2737246E297}.Ad-Hoc|iPhone.ActiveCfg = Release|Any CPU
		{96AC9424-8EC1-4A46-A602-E2737246E297}.Ad-Hoc|iPhone.Build.0 = Release|Any CPU
		{96AC9424-8EC1-4A46-A602-E2737246E297}.Ad-Hoc|iPhoneSimulator.ActiveCfg = Release|Any CPU
		{96AC9424-8EC1-4A46-A602-E2737246E297}.Ad-Hoc|iPhoneSimulator.Build.0 = Release|Any CPU
		{96AC9424-8EC1-4A46-A602-E2737246E297}.Ad-Hoc|x64.ActiveCfg = Release|Any CPU
		{96AC9424-8EC1-4A46-A602-E2737246E297}.Ad-Hoc|x64.Build.0 = Release|Any CPU
		{96AC9424-8EC1-4A46-A602-E2737246E297}.Ad-Hoc|x86.ActiveCfg = Release|Any CPU
		{96AC9424-8EC1-4A46-A602-E2737246E297}.Ad-Hoc|x86.Build.0 = Release|Any CPU
		{96AC9424-8EC1-4A46-A602-E2737246E297}.AppStore|Any CPU.ActiveCfg = Release|Any CPU
		{96AC9424-8EC1-4A46-A602-E2737246E297}.AppStore|Any CPU.Build.0 = Release|Any CPU
		{96AC9424-8EC1-4A46-A602-E2737246E297}.AppStore|ARM.ActiveCfg = Release|Any CPU
		{96AC9424-8EC1-4A46-A602-E2737246E297}.AppStore|ARM.Build.0 = Release|Any CPU
		{96AC9424-8EC1-4A46-A602-E2737246E297}.AppStore|iPhone.ActiveCfg = Release|Any CPU
		{96AC9424-8EC1-4A46-A602-E2737246E297}.AppStore|iPhone.Build.0 = Release|Any CPU
		{96AC9424-8EC1-4A46-A602-E2737246E297}.AppStore|iPhoneSimulator.ActiveCfg = Release|Any CPU
		{96AC9424-8EC1-4A46-A602-E2737246E297}.AppStore|iPhoneSimulator.Build.0 = Release|Any CPU
		{96AC9424-8EC1-4A46-A602-E2737246E297}.AppStore|x64.ActiveCfg = Release|Any CPU
		{96AC9424-8EC1-4A46-A602-E2737246E297}.AppStore|x64.Build.0 = Release|Any CPU
		{96AC9424-8EC1-4A46-A602-E2737246E297}.AppStore|x86.ActiveCfg = Release|Any CPU
		{96AC9424-8EC1-4A46-A602-E2737246E297}.AppStore|x86.Build.0 = Release|Any CPU
		{96AC9424-8EC1-4A46-A602-E2737246E297}.Debug|Any CPU.ActiveCfg = Debug|Any CPU
		{96AC9424-8EC1-4A46-A602-E2737246E297}.Debug|Any CPU.Build.0 = Debug|Any CPU
		{96AC9424-8EC1-4A46-A602-E2737246E297}.Debug|ARM.ActiveCfg = Debug|Any CPU
		{96AC9424-8EC1-4A46-A602-E2737246E297}.Debug|ARM.Build.0 = Debug|Any CPU
		{96AC9424-8EC1-4A46-A602-E2737246E297}.Debug|iPhone.ActiveCfg = Debug|Any CPU
		{96AC9424-8EC1-4A46-A602-E2737246E297}.Debug|iPhone.Build.0 = Debug|Any CPU
		{96AC9424-8EC1-4A46-A602-E2737246E297}.Debug|iPhoneSimulator.ActiveCfg = Debug|Any CPU
		{96AC9424-8EC1-4A46-A602-E2737246E297}.Debug|iPhoneSimulator.Build.0 = Debug|Any CPU
		{96AC9424-8EC1-4A46-A602-E2737246E297}.Debug|x64.ActiveCfg = Debug|Any CPU
		{96AC9424-8EC1-4A46-A602-E2737246E297}.Debug|x64.Build.0 = Debug|Any CPU
		{96AC9424-8EC1-4A46-A602-E2737246E297}.Debug|x86.ActiveCfg = Debug|Any CPU
		{96AC9424-8EC1-4A46-A602-E2737246E297}.Debug|x86.Build.0 = Debug|Any CPU
		{96AC9424-8EC1-4A46-A602-E2737246E297}.Release|Any CPU.ActiveCfg = Release|Any CPU
		{96AC9424-8EC1-4A46-A602-E2737246E297}.Release|Any CPU.Build.0 = Release|Any CPU
		{96AC9424-8EC1-4A46-A602-E2737246E297}.Release|ARM.ActiveCfg = Release|Any CPU
		{96AC9424-8EC1-4A46-A602-E2737246E297}.Release|ARM.Build.0 = Release|Any CPU
		{96AC9424-8EC1-4A46-A602-E2737246E297}.Release|iPhone.ActiveCfg = Release|Any CPU
		{96AC9424-8EC1-4A46-A602-E2737246E297}.Release|iPhone.Build.0 = Release|Any CPU
		{96AC9424-8EC1-4A46-A602-E2737246E297}.Release|iPhoneSimulator.ActiveCfg = Release|Any CPU
		{96AC9424-8EC1-4A46-A602-E2737246E297}.Release|iPhoneSimulator.Build.0 = Release|Any CPU
		{96AC9424-8EC1-4A46-A602-E2737246E297}.Release|x64.ActiveCfg = Release|Any CPU
		{96AC9424-8EC1-4A46-A602-E2737246E297}.Release|x64.Build.0 = Release|Any CPU
		{96AC9424-8EC1-4A46-A602-E2737246E297}.Release|x86.ActiveCfg = Release|Any CPU
		{96AC9424-8EC1-4A46-A602-E2737246E297}.Release|x86.Build.0 = Release|Any CPU
	EndGlobalSection
	GlobalSection(SolutionProperties) = preSolution
		HideSolutionNode = FALSE
	EndGlobalSection
	GlobalSection(ExtensibilityGlobals) = postSolution
		SolutionGuid = {440425F6-6423-4DAE-A2F6-B95E25D0AAA7}
	EndGlobalSection
EndGlobal
